<?xml version="1.0" encoding="utf-8"?>
<Project ToolsVersion="4.0" xmlns="http://schemas.microsoft.com/developer/msbuild/2003">
  <ItemGroup>
    <Filter Include="Source Files">
      <UniqueIdentifier>{4FC737F1-C7A5-4376-A066-2A32D752A2FF}</UniqueIdentifier>
      <Extensions>cpp;c;cc;cxx;def;odl;idl;hpj;bat;asm;asmx</Extensions>
    </Filter>
    <Filter Include="Header Files">
      <UniqueIdentifier>{93995380-89BD-4b04-88EB-625FBE52EBFB}</UniqueIdentifier>
      <Extensions>h;hh;hpp;hxx;hm;inl;inc;ipp;xsd</Extensions>
    </Filter>
    <Filter Include="Resource Files">
      <UniqueIdentifier>{67DA6AB6-F800-4c08-8B7A-83BB121AAD01}</UniqueIdentifier>
      <Extensions>rc;ico;cur;bmp;dlg;rc2;rct;bin;rgs;gif;jpg;jpeg;jpe;resx;tiff;tif;png;wav;mfcribbon-ms</Extensions>
    </Filter>
    <Filter Include="Header Files\Materials">
      <UniqueIdentifier>{9b84f14f-771d-4d06-b4b6-600151da1559}</UniqueIdentifier>
    </Filter>
    <Filter Include="Header Files\Hitables">
      <UniqueIdentifier>{e0de3ae9-e289-4fe4-a59d-07d90bfc831f}</UniqueIdentifier>
    </Filter>
    <Filter Include="Source Files\Materials">
      <UniqueIdentifier>{86216e4a-d8b2-4ab1-a53a-20c855925d15}</UniqueIdentifier>
    </Filter>
    <Filter Include="Source Files\Hitables">
      <UniqueIdentifier>{ee2580db-3d90-4512-a247-96c62d0dab25}</UniqueIdentifier>
    </Filter>
    <Filter Include="Header Files\Textures">
      <UniqueIdentifier>{50fb3394-35d6-4e30-8809-331ee1ffb331}</UniqueIdentifier>
    </Filter>
    <Filter Include="Source Files\Textures">
      <UniqueIdentifier>{ada04714-3db5-480d-baee-38be9dbb1eff}</UniqueIdentifier>
    </Filter>
  </ItemGroup>
  <ItemGroup>
    <ClInclude Include="pch.h">
      <Filter>Header Files</Filter>
    </ClInclude>
    <ClInclude Include="Vec3.h">
      <Filter>Header Files</Filter>
    </ClInclude>
    <ClInclude Include="Ray.h">
      <Filter>Header Files</Filter>
    </ClInclude>
    <ClInclude Include="Camera.h">
      <Filter>Header Files</Filter>
    </ClInclude>
    <ClInclude Include="Random.h">
      <Filter>Header Files</Filter>
    </ClInclude>
    <ClInclude Include="Material.h">
      <Filter>Header Files\Materials</Filter>
    </ClInclude>
    <ClInclude Include="LambertianMaterial.h">
      <Filter>Header Files\Materials</Filter>
    </ClInclude>
    <ClInclude Include="DielectricMaterial.h">
      <Filter>Header Files\Materials</Filter>
    </ClInclude>
    <ClInclude Include="MetalMaterial.h">
      <Filter>Header Files\Materials</Filter>
    </ClInclude>
    <ClInclude Include="Hitable.h">
      <Filter>Header Files\Hitables</Filter>
    </ClInclude>
    <ClInclude Include="HitableList.h">
      <Filter>Header Files\Hitables</Filter>
    </ClInclude>
    <ClInclude Include="MovingSphere.h">
      <Filter>Header Files\Hitables</Filter>
    </ClInclude>
    <ClInclude Include="Sphere.h">
      <Filter>Header Files\Hitables</Filter>
    </ClInclude>
    <ClInclude Include="floatutils.h">
      <Filter>Header Files</Filter>
    </ClInclude>
    <ClInclude Include="AABB.h">
      <Filter>Header Files</Filter>
    </ClInclude>
    <ClInclude Include="BVHNode.h">
      <Filter>Header Files\Hitables</Filter>
    </ClInclude>
    <ClInclude Include="Scene.h">
      <Filter>Header Files</Filter>
    </ClInclude>
    <ClInclude Include="DiffuseLightMaterial.h">
      <Filter>Header Files\Materials</Filter>
    </ClInclude>
    <ClInclude Include="SphereUtils.h">
      <Filter>Header Files</Filter>
    </ClInclude>
    <ClInclude Include="CheckerTexture.h">
      <Filter>Header Files\Textures</Filter>
    </ClInclude>
    <ClInclude Include="SingleColorTexture.h">
      <Filter>Header Files\Textures</Filter>
    </ClInclude>
    <ClInclude Include="Texture.h">
      <Filter>Header Files\Textures</Filter>
    </ClInclude>
    <ClInclude Include="XYRectangle.h">
      <Filter>Header Files\Hitables</Filter>
    </ClInclude>
    <ClInclude Include="XZRectangle.h">
      <Filter>Header Files\Hitables</Filter>
    </ClInclude>
    <ClInclude Include="YZRectangle.h">
      <Filter>Header Files\Hitables</Filter>
    </ClInclude>
    <ClInclude Include="FlipNormals.h">
      <Filter>Header Files\Hitables</Filter>
    </ClInclude>
    <ClInclude Include="Box.h">
      <Filter>Header Files\Hitables</Filter>
    </ClInclude>
    <ClInclude Include="Translate.h">
      <Filter>Header Files\Hitables</Filter>
    </ClInclude>
    <ClInclude Include="RotateY.h">
      <Filter>Header Files\Hitables</Filter>
    </ClInclude>
    <ClInclude Include="StripsTexture.h">
      <Filter>Header Files\Textures</Filter>
    </ClInclude>
  </ItemGroup>
  <ItemGroup>
    <ClCompile Include="pch.cpp">
      <Filter>Source Files</Filter>
    </ClCompile>
    <ClCompile Include="raytracingtutorial.cpp">
      <Filter>Source Files</Filter>
    </ClCompile>
    <ClCompile Include="Vec3.cpp">
      <Filter>Source Files</Filter>
    </ClCompile>
    <ClCompile Include="Ray.cpp">
      <Filter>Source Files</Filter>
    </ClCompile>
    <ClCompile Include="Camera.cpp">
      <Filter>Source Files</Filter>
    </ClCompile>
    <ClCompile Include="Random.cpp">
      <Filter>Source Files</Filter>
    </ClCompile>
    <ClCompile Include="DielectricMaterial.cpp">
      <Filter>Source Files\Materials</Filter>
    </ClCompile>
    <ClCompile Include="HitableList.cpp">
      <Filter>Source Files\Hitables</Filter>
    </ClCompile>
    <ClCompile Include="LambertianMaterial.cpp">
      <Filter>Source Files\Materials</Filter>
    </ClCompile>
    <ClCompile Include="Material.cpp">
      <Filter>Source Files\Materials</Filter>
    </ClCompile>
    <ClCompile Include="MetalMaterial.cpp">
      <Filter>Source Files\Materials</Filter>
    </ClCompile>
    <ClCompile Include="MovingSphere.cpp">
      <Filter>Source Files\Hitables</Filter>
    </ClCompile>
    <ClCompile Include="Sphere.cpp">
      <Filter>Source Files\Hitables</Filter>
    </ClCompile>
    <ClCompile Include="AABB.cpp">
      <Filter>Source Files</Filter>
    </ClCompile>
    <ClCompile Include="BVHNode.cpp">
      <Filter>Source Files\Hitables</Filter>
    </ClCompile>
    <ClCompile Include="DiffuseLightMaterial.cpp">
      <Filter>Source Files\Materials</Filter>
    </ClCompile>
    <ClCompile Include="SphereUtils.cpp">
      <Filter>Source Files</Filter>
    </ClCompile>
    <ClCompile Include="CheckerTexture.cpp">
      <Filter>Source Files\Textures</Filter>
    </ClCompile>
    <ClCompile Include="SingleColorTexture.cpp">
      <Filter>Source Files\Textures</Filter>
    </ClCompile>
    <ClCompile Include="XYRectangle.cpp">
      <Filter>Source Files\Hitables</Filter>
    </ClCompile>
    <ClCompile Include="XZRectangle.cpp">
      <Filter>Source Files\Hitables</Filter>
    </ClCompile>
    <ClCompile Include="YZRectangle.cpp">
      <Filter>Source Files\Hitables</Filter>
    </ClCompile>
    <ClCompile Include="FlipNormals.cpp">
      <Filter>Source Files\Hitables</Filter>
    </ClCompile>
    <ClCompile Include="Box.cpp">
      <Filter>Source Files\Hitables</Filter>
    </ClCompile>
    <ClCompile Include="Translate.cpp">
      <Filter>Source Files\Hitables</Filter>
    </ClCompile>
    <ClCompile Include="RotateY.cpp">
      <Filter>Source Files\Hitables</Filter>
    </ClCompile>
    <ClCompile Include="StripsTexture.cpp">
      <Filter>Source Files\Textures</Filter>
    </ClCompile>
  </ItemGroup>
</Project>