
Microsoft Visual Studio Solution File, Format Version 12.00
# Visual Studio 15
VisualStudioVersion = 15.0.28307.106
MinimumVisualStudioVersion = 10.0.40219.1
Project("{8BC9CEB8-8B4A-11D0-8D11-00A0C91BC942}") = "raytracingtutorial", "raytracingtutorial\raytracingtutorial.vcxproj", "{8F4F11C4-7488-46AA-8313-9042288FC98A}"
EndProject
Global
	GlobalSection(SolutionConfigurationPlatforms) = preSolution
		Debug|x64 = Debug|x64
		Debug|x86 = Debug|x86
		Release|x64 = Release|x64
		Release|x86 = Release|x86
	EndGlobalSection
	GlobalSection(ProjectConfigurationPlatforms) = postSolution
		{8F4F11C4-7488-46AA-8313-9042288FC98A}.Debug|x64.ActiveCfg = Debug|x64
		{8F4F11C4-7488-46AA-8313-9042288FC98A}.Debug|x64.Build.0 = Debug|x64
		{8F4F11C4-7488-46AA-8313-9042288FC98A}.Debug|x86.ActiveCfg = Debug|Win32
		{8F4F11C4-7488-46AA-8313-9042288FC98A}.Debug|x86.Build.0 = Debug|Win32
		{8F4F11C4-7488-46AA-8313-9042288FC98A}.Release|x64.ActiveCfg = Release|x64
		{8F4F11C4-7488-46AA-8313-9042288FC98A}.Release|x64.Build.0 = Release|x64
		{8F4F11C4-7488-46AA-8313-9042288FC98A}.Release|x86.ActiveCfg = Release|Win32
		{8F4F11C4-7488-46AA-8313-9042288FC98A}.Release|x86.Build.0 = Release|Win32
	EndGlobalSection
	GlobalSection(SolutionProperties) = preSolution
		HideSolutionNode = FALSE
	EndGlobalSection
	GlobalSection(ExtensibilityGlobals) = postSolution
		SolutionGuid = {3C4E8A99-0C7A-42B6-9095-2A23988BECC9}
	EndGlobalSection
EndGlobal
